Microsoft Visual Studio Solution File, Format Version 12.00
# Visual Studio Version 17
VisualStudioVersion = 17.5.2.0
MinimumVisualStudioVersion = 10.0.40219.1
Project("{2150E333-8FDC-42A3-9474-1A3956D46DE8}") = "samples", "samples", "{5D20AA90-6969-D8BD-9DCD-8634F4692FDA}"
EndProject
Project("{FAE04EC0-301F-11D3-BF4B-00C04F79EFBC}") = "FunctionApp", "samples\function-dotnet\FunctionApp.csproj", "{682DDB01-DCB7-04A5-AF34-B54F333A700C}"
EndProject
Global
	GlobalSection(SolutionConfigurationPlatforms) = preSolution
		Debug|Any CPU = Debug|Any CPU
		Release|Any CPU = Release|Any CPU
	EndGlobalSection
	GlobalSection(ProjectConfigurationPlatforms) = postSolution
		{682DDB01-DCB7-04A5-AF34-B54F333A700C}.Debug|Any CPU.ActiveCfg = Debug|Any CPU
		{682DDB01-DCB7-04A5-AF34-B54F333A700C}.Debug|Any CPU.Build.0 = Debug|Any CPU
		{682DDB01-DCB7-04A5-AF34-B54F333A700C}.Release|Any CPU.ActiveCfg = Release|Any CPU
		{682DDB01-DCB7-04A5-AF34-B54F333A700C}.Release|Any CPU.Build.0 = Release|Any CPU
	EndGlobalSection
	GlobalSection(SolutionProperties) = preSolution
		HideSolutionNode = FALSE
	EndGlobalSection
	GlobalSection(NestedProjects) = preSolution
		{682DDB01-DCB7-04A5-AF34-B54F333A700C} = {5D20AA90-6969-D8BD-9DCD-8634F4692FDA}
	EndGlobalSection
	GlobalSection(ExtensibilityGlobals) = postSolution
		SolutionGuid = {562D5A83-2414-4F1D-BB42-0FBA4F55C72D}
	EndGlobalSection
EndGlobal
